
Microsoft Visual Studio Solution File, Format Version 12.00
# Visual Studio Version 17
VisualStudioVersion = 17.8.34511.84
MinimumVisualStudioVersion = 10.0.40219.1
Project("{FAE04EC0-301F-11D3-BF4B-00C04F79EFBC}") = "5TTI_ludoBechet_AdresseIP", "5TTI_ludoBechet_AdresseIP.csproj", "{30A8FB7F-440E-4736-B1BC-CEBE5F52834A}"
EndProject
Global
	GlobalSection(SolutionConfigurationPlatforms) = preSolution
		Debug|Any CPU = Debug|Any CPU
		Release|Any CPU = Release|Any CPU
	EndGlobalSection
	GlobalSection(ProjectConfigurationPlatforms) = postSolution
		{30A8FB7F-440E-4736-B1BC-CEBE5F52834A}.Debug|Any CPU.ActiveCfg = Debug|Any CPU
		{30A8FB7F-440E-4736-B1BC-CEBE5F52834A}.Debug|Any CPU.Build.0 = Debug|Any CPU
		{30A8FB7F-440E-4736-B1BC-CEBE5F52834A}.Release|Any CPU.ActiveCfg = Release|Any CPU
		{30A8FB7F-440E-4736-B1BC-CEBE5F52834A}.Release|Any CPU.Build.0 = Release|Any CPU
	EndGlobalSection
	GlobalSection(SolutionProperties) = preSolution
		HideSolutionNode = FALSE
	EndGlobalSection
	GlobalSection(ExtensibilityGlobals) = postSolution
		SolutionGuid = {82FCED30-8EEB-4731-9111-361A4A443BAF}
	EndGlobalSection
EndGlobal
