
Microsoft Visual Studio Solution File, Format Version 12.00
# Visual Studio Version 17
VisualStudioVersion = 17.7.34018.315
MinimumVisualStudioVersion = 10.0.40219.1
Project("{FAE04EC0-301F-11D3-BF4B-00C04F79EFBC}") = "CeUAA11_23_24_LoukaConstant", "CeUAA11_23_24_LoukaConstant.csproj", "{7CE4C16A-5558-4EFE-A6E7-6C982246BBE3}"
EndProject
Global
	GlobalSection(SolutionConfigurationPlatforms) = preSolution
		Debug|Any CPU = Debug|Any CPU
		Release|Any CPU = Release|Any CPU
	EndGlobalSection
	GlobalSection(ProjectConfigurationPlatforms) = postSolution
		{7CE4C16A-5558-4EFE-A6E7-6C982246BBE3}.Debug|Any CPU.ActiveCfg = Debug|Any CPU
		{7CE4C16A-5558-4EFE-A6E7-6C982246BBE3}.Debug|Any CPU.Build.0 = Debug|Any CPU
		{7CE4C16A-5558-4EFE-A6E7-6C982246BBE3}.Release|Any CPU.ActiveCfg = Release|Any CPU
		{7CE4C16A-5558-4EFE-A6E7-6C982246BBE3}.Release|Any CPU.Build.0 = Release|Any CPU
	EndGlobalSection
	GlobalSection(SolutionProperties) = preSolution
		HideSolutionNode = FALSE
	EndGlobalSection
	GlobalSection(ExtensibilityGlobals) = postSolution
		SolutionGuid = {E10CAD16-0521-4100-8901-9EE1419A4F18}
	EndGlobalSection
EndGlobal
