
Microsoft Visual Studio Solution File, Format Version 12.00
# Visual Studio Version 17
VisualStudioVersion = 17.8.34511.84
MinimumVisualStudioVersion = 10.0.40219.1
Project("{FAE04EC0-301F-11D3-BF4B-00C04F79EFBC}") = "5TT_ludo_cryptage", "5TT_ludo_cryptage.csproj", "{474B12A3-18B4-427A-B538-05B0185C6D58}"
EndProject
Global
	GlobalSection(SolutionConfigurationPlatforms) = preSolution
		Debug|Any CPU = Debug|Any CPU
		Release|Any CPU = Release|Any CPU
	EndGlobalSection
	GlobalSection(ProjectConfigurationPlatforms) = postSolution
		{474B12A3-18B4-427A-B538-05B0185C6D58}.Debug|Any CPU.ActiveCfg = Debug|Any CPU
		{474B12A3-18B4-427A-B538-05B0185C6D58}.Debug|Any CPU.Build.0 = Debug|Any CPU
		{474B12A3-18B4-427A-B538-05B0185C6D58}.Release|Any CPU.ActiveCfg = Release|Any CPU
		{474B12A3-18B4-427A-B538-05B0185C6D58}.Release|Any CPU.Build.0 = Release|Any CPU
	EndGlobalSection
	GlobalSection(SolutionProperties) = preSolution
		HideSolutionNode = FALSE
	EndGlobalSection
	GlobalSection(ExtensibilityGlobals) = postSolution
		SolutionGuid = {14511017-4F9E-4DCB-9ACA-AE1FC6159F97}
	EndGlobalSection
EndGlobal
