
Microsoft Visual Studio Solution File, Format Version 12.00
# Visual Studio Version 17
VisualStudioVersion = 17.8.34511.84
MinimumVisualStudioVersion = 10.0.40219.1
Project("{FAE04EC0-301F-11D3-BF4B-00C04F79EFBC}") = "Ludo_5TTI_Matrice", "Ludo_5TTI_Matrice.csproj", "{685DC55B-EE05-479B-831F-A92DC61F6658}"
EndProject
Global
	GlobalSection(SolutionConfigurationPlatforms) = preSolution
		Debug|Any CPU = Debug|Any CPU
		Release|Any CPU = Release|Any CPU
	EndGlobalSection
	GlobalSection(ProjectConfigurationPlatforms) = postSolution
		{685DC55B-EE05-479B-831F-A92DC61F6658}.Debug|Any CPU.ActiveCfg = Debug|Any CPU
		{685DC55B-EE05-479B-831F-A92DC61F6658}.Debug|Any CPU.Build.0 = Debug|Any CPU
		{685DC55B-EE05-479B-831F-A92DC61F6658}.Release|Any CPU.ActiveCfg = Release|Any CPU
		{685DC55B-EE05-479B-831F-A92DC61F6658}.Release|Any CPU.Build.0 = Release|Any CPU
	EndGlobalSection
	GlobalSection(SolutionProperties) = preSolution
		HideSolutionNode = FALSE
	EndGlobalSection
	GlobalSection(ExtensibilityGlobals) = postSolution
		SolutionGuid = {62322662-D7EC-4B08-8D9C-DAA7D3C15A92}
	EndGlobalSection
EndGlobal
